
Microsoft Visual Studio Solution File, Format Version 12.00
# Visual Studio Version 17
VisualStudioVersion = 17.9.34902.65
MinimumVisualStudioVersion = 10.0.40219.1
Project("{FAE04EC0-301F-11D3-BF4B-00C04F79EFBC}") = "Task02.PL", "Task02.PL\Task02.PL.csproj", "{A84D7681-F760-483D-AF6C-75582E0EE001}"
EndProject
Project("{FAE04EC0-301F-11D3-BF4B-00C04F79EFBC}") = "Task02.Core", "Task02.Core\Task02.Core.csproj", "{744275FA-40DE-4265-8386-E6A51AC09B23}"
EndProject
Project("{FAE04EC0-301F-11D3-BF4B-00C04F79EFBC}") = "Task02.Repository", "Task02.Repository\Task02.Repository.csproj", "{32D2B1E5-DDE8-40DF-8DA2-0184BACE57F6}"
EndProject
Project("{FAE04EC0-301F-11D3-BF4B-00C04F79EFBC}") = "Task02.Service", "Task02.Service\Task02.Service.csproj", "{A31B57A5-A00D-41F4-8435-1E0573D0CB23}"
EndProject
Global
	GlobalSection(SolutionConfigurationPlatforms) = preSolution
		Debug|Any CPU = Debug|Any CPU
		Release|Any CPU = Release|Any CPU
	EndGlobalSection
	GlobalSection(ProjectConfigurationPlatforms) = postSolution
		{A84D7681-F760-483D-AF6C-75582E0EE001}.Debug|Any CPU.ActiveCfg = Debug|Any CPU
		{A84D7681-F760-483D-AF6C-75582E0EE001}.Debug|Any CPU.Build.0 = Debug|Any CPU
		{A84D7681-F760-483D-AF6C-75582E0EE001}.Release|Any CPU.ActiveCfg = Release|Any CPU
		{A84D7681-F760-483D-AF6C-75582E0EE001}.Release|Any CPU.Build.0 = Release|Any CPU
		{744275FA-40DE-4265-8386-E6A51AC09B23}.Debug|Any CPU.ActiveCfg = Debug|Any CPU
		{744275FA-40DE-4265-8386-E6A51AC09B23}.Debug|Any CPU.Build.0 = Debug|Any CPU
		{744275FA-40DE-4265-8386-E6A51AC09B23}.Release|Any CPU.ActiveCfg = Release|Any CPU
		{744275FA-40DE-4265-8386-E6A51AC09B23}.Release|Any CPU.Build.0 = Release|Any CPU
		{32D2B1E5-DDE8-40DF-8DA2-0184BACE57F6}.Debug|Any CPU.ActiveCfg = Debug|Any CPU
		{32D2B1E5-DDE8-40DF-8DA2-0184BACE57F6}.Debug|Any CPU.Build.0 = Debug|Any CPU
		{32D2B1E5-DDE8-40DF-8DA2-0184BACE57F6}.Release|Any CPU.ActiveCfg = Release|Any CPU
		{32D2B1E5-DDE8-40DF-8DA2-0184BACE57F6}.Release|Any CPU.Build.0 = Release|Any CPU
		{A31B57A5-A00D-41F4-8435-1E0573D0CB23}.Debug|Any CPU.ActiveCfg = Debug|Any CPU
		{A31B57A5-A00D-41F4-8435-1E0573D0CB23}.Debug|Any CPU.Build.0 = Debug|Any CPU
		{A31B57A5-A00D-41F4-8435-1E0573D0CB23}.Release|Any CPU.ActiveCfg = Release|Any CPU
		{A31B57A5-A00D-41F4-8435-1E0573D0CB23}.Release|Any CPU.Build.0 = Release|Any CPU
	EndGlobalSection
	GlobalSection(SolutionProperties) = preSolution
		HideSolutionNode = FALSE
	EndGlobalSection
	GlobalSection(ExtensibilityGlobals) = postSolution
		SolutionGuid = {1B723300-C154-48DA-966C-A96244497337}
	EndGlobalSection
EndGlobal
